
Microsoft Visual Studio Solution File, Format Version 12.00
# Visual Studio 2013
VisualStudioVersion = 12.0.21005.1
MinimumVisualStudioVersion = 10.0.40219.1
Project("{262852C6-CD72-467D-83FE-5EEB1973A190}") = "U-Gallery", "U-Gallery.jsproj", "{C75F16B7-AEAC-428A-A3E2-081AFCF56080}"
EndProject
Global
	GlobalSection(SolutionConfigurationPlatforms) = preSolution
		Debug|Any CPU = Debug|Any CPU
		Debug|ARM = Debug|ARM
		Debug|x64 = Debug|x64
		Debug|x86 = Debug|x86
		Release|Any CPU = Release|Any CPU
		Release|ARM = Release|ARM
		Release|x64 = Release|x64
		Release|x86 = Release|x86
	EndGlobalSection
	GlobalSection(ProjectConfigurationPlatforms) = postSolution
		{C75F16B7-AEAC-428A-A3E2-081AFCF56080}.Debug|Any CPU.ActiveCfg = Debug|Any CPU
		{C75F16B7-AEAC-428A-A3E2-081AFCF56080}.Debug|Any CPU.Build.0 = Debug|Any CPU
		{C75F16B7-AEAC-428A-A3E2-081AFCF56080}.Debug|Any CPU.Deploy.0 = Debug|Any CPU
		{C75F16B7-AEAC-428A-A3E2-081AFCF56080}.Debug|ARM.ActiveCfg = Debug|ARM
		{C75F16B7-AEAC-428A-A3E2-081AFCF56080}.Debug|ARM.Build.0 = Debug|ARM
		{C75F16B7-AEAC-428A-A3E2-081AFCF56080}.Debug|ARM.Deploy.0 = Debug|ARM
		{C75F16B7-AEAC-428A-A3E2-081AFCF56080}.Debug|x64.ActiveCfg = Debug|x64
		{C75F16B7-AEAC-428A-A3E2-081AFCF56080}.Debug|x64.Build.0 = Debug|x64
		{C75F16B7-AEAC-428A-A3E2-081AFCF56080}.Debug|x64.Deploy.0 = Debug|x64
		{C75F16B7-AEAC-428A-A3E2-081AFCF56080}.Debug|x86.ActiveCfg = Debug|x86
		{C75F16B7-AEAC-428A-A3E2-081AFCF56080}.Debug|x86.Build.0 = Debug|x86
		{C75F16B7-AEAC-428A-A3E2-081AFCF56080}.Debug|x86.Deploy.0 = Debug|x86
		{C75F16B7-AEAC-428A-A3E2-081AFCF56080}.Release|Any CPU.ActiveCfg = Release|Any CPU
		{C75F16B7-AEAC-428A-A3E2-081AFCF56080}.Release|Any CPU.Build.0 = Release|Any CPU
		{C75F16B7-AEAC-428A-A3E2-081AFCF56080}.Release|Any CPU.Deploy.0 = Release|Any CPU
		{C75F16B7-AEAC-428A-A3E2-081AFCF56080}.Release|ARM.ActiveCfg = Release|ARM
		{C75F16B7-AEAC-428A-A3E2-081AFCF56080}.Release|ARM.Build.0 = Release|ARM
		{C75F16B7-AEAC-428A-A3E2-081AFCF56080}.Release|ARM.Deploy.0 = Release|ARM
		{C75F16B7-AEAC-428A-A3E2-081AFCF56080}.Release|x64.ActiveCfg = Release|x64
		{C75F16B7-AEAC-428A-A3E2-081AFCF56080}.Release|x64.Build.0 = Release|x64
		{C75F16B7-AEAC-428A-A3E2-081AFCF56080}.Release|x64.Deploy.0 = Release|x64
		{C75F16B7-AEAC-428A-A3E2-081AFCF56080}.Release|x86.ActiveCfg = Release|x86
		{C75F16B7-AEAC-428A-A3E2-081AFCF56080}.Release|x86.Build.0 = Release|x86
		{C75F16B7-AEAC-428A-A3E2-081AFCF56080}.Release|x86.Deploy.0 = Release|x86
	EndGlobalSection
	GlobalSection(SolutionProperties) = preSolution
		HideSolutionNode = FALSE
	EndGlobalSection
EndGlobal
